{
  "name": "Webapp-demo-dhbw",
  "lockfileVersion": 3,
  "requires": true,
  "packages": {
    "": {
      "dependencies": {
        "dompurify": "^3.0.2"
      }
    },
    "node_modules/dompurify": {
      "version": "3.0.2",
      "resolved": "https://registry.npmjs.org/dompurify/-/dompurify-3.0.2.tgz",
      "integrity": "sha512-B8c6JdiEpxAKnd8Dm++QQxJL4lfuc757scZtcapj6qjTjrQzyq5iAyznLKVvK+77eYNiFblHBlt7MM0fOeqoKw=="
    }
  }
}
